
Microsoft Visual Studio Solution File, Format Version 12.00
# Visual Studio Version 17
VisualStudioVersion = 17.3.32929.385
MinimumVisualStudioVersion = 10.0.40219.1
Project("{2150E333-8FDC-42A3-9474-1A3956D46DE8}") = "src", "src", "{01263890-AFC0-42DA-BB1F-E2F954F93C99}"
EndProject
Project("{2150E333-8FDC-42A3-9474-1A3956D46DE8}") = "Domain", "Domain", "{A56395DF-8C5B-4C57-918C-FC7B0FEAD16A}"
EndProject
Project("{2150E333-8FDC-42A3-9474-1A3956D46DE8}") = "Infra", "Infra", "{9D40F938-6C8B-4273-8E46-A7DF72F40937}"
EndProject
Project("{2150E333-8FDC-42A3-9474-1A3956D46DE8}") = "CrossCountting", "CrossCountting", "{F0FEF18E-CE7A-493A-8906-C8351D544387}"
EndProject
Project("{2150E333-8FDC-42A3-9474-1A3956D46DE8}") = "Application", "Application", "{2984A24B-321E-48EE-88C4-394724AA6862}"
EndProject
Project("{2150E333-8FDC-42A3-9474-1A3956D46DE8}") = "Api", "Api", "{7E1F54A8-4624-4A75-8D2C-2B187B31E01E}"
EndProject
Project("{FAE04EC0-301F-11D3-BF4B-00C04F79EFBC}") = "Domain", "src\Domain\Domain.csproj", "{3F1319EC-F549-41A5-9124-8D1F3164C7C4}"
EndProject
Project("{FAE04EC0-301F-11D3-BF4B-00C04F79EFBC}") = "CrossCutting", "src\CrossCutting\CrossCutting.csproj", "{A580830D-D1D8-443A-8588-5B0E33B877DF}"
EndProject
Project("{FAE04EC0-301F-11D3-BF4B-00C04F79EFBC}") = "Infra", "src\Infra\Infra.csproj", "{0AE2A142-D46F-482E-A24B-C2A91A6251F6}"
EndProject
Global
	GlobalSection(SolutionConfigurationPlatforms) = preSolution
		Debug|Any CPU = Debug|Any CPU
		Release|Any CPU = Release|Any CPU
	EndGlobalSection
	GlobalSection(ProjectConfigurationPlatforms) = postSolution
		{3F1319EC-F549-41A5-9124-8D1F3164C7C4}.Debug|Any CPU.ActiveCfg = Debug|Any CPU
		{3F1319EC-F549-41A5-9124-8D1F3164C7C4}.Debug|Any CPU.Build.0 = Debug|Any CPU
		{3F1319EC-F549-41A5-9124-8D1F3164C7C4}.Release|Any CPU.ActiveCfg = Release|Any CPU
		{3F1319EC-F549-41A5-9124-8D1F3164C7C4}.Release|Any CPU.Build.0 = Release|Any CPU
		{A580830D-D1D8-443A-8588-5B0E33B877DF}.Debug|Any CPU.ActiveCfg = Debug|Any CPU
		{A580830D-D1D8-443A-8588-5B0E33B877DF}.Debug|Any CPU.Build.0 = Debug|Any CPU
		{A580830D-D1D8-443A-8588-5B0E33B877DF}.Release|Any CPU.ActiveCfg = Release|Any CPU
		{A580830D-D1D8-443A-8588-5B0E33B877DF}.Release|Any CPU.Build.0 = Release|Any CPU
		{0AE2A142-D46F-482E-A24B-C2A91A6251F6}.Debug|Any CPU.ActiveCfg = Debug|Any CPU
		{0AE2A142-D46F-482E-A24B-C2A91A6251F6}.Debug|Any CPU.Build.0 = Debug|Any CPU
		{0AE2A142-D46F-482E-A24B-C2A91A6251F6}.Release|Any CPU.ActiveCfg = Release|Any CPU
		{0AE2A142-D46F-482E-A24B-C2A91A6251F6}.Release|Any CPU.Build.0 = Release|Any CPU
	EndGlobalSection
	GlobalSection(SolutionProperties) = preSolution
		HideSolutionNode = FALSE
	EndGlobalSection
	GlobalSection(NestedProjects) = preSolution
		{A56395DF-8C5B-4C57-918C-FC7B0FEAD16A} = {01263890-AFC0-42DA-BB1F-E2F954F93C99}
		{9D40F938-6C8B-4273-8E46-A7DF72F40937} = {01263890-AFC0-42DA-BB1F-E2F954F93C99}
		{F0FEF18E-CE7A-493A-8906-C8351D544387} = {01263890-AFC0-42DA-BB1F-E2F954F93C99}
		{2984A24B-321E-48EE-88C4-394724AA6862} = {01263890-AFC0-42DA-BB1F-E2F954F93C99}
		{7E1F54A8-4624-4A75-8D2C-2B187B31E01E} = {01263890-AFC0-42DA-BB1F-E2F954F93C99}
		{3F1319EC-F549-41A5-9124-8D1F3164C7C4} = {A56395DF-8C5B-4C57-918C-FC7B0FEAD16A}
		{A580830D-D1D8-443A-8588-5B0E33B877DF} = {F0FEF18E-CE7A-493A-8906-C8351D544387}
		{0AE2A142-D46F-482E-A24B-C2A91A6251F6} = {9D40F938-6C8B-4273-8E46-A7DF72F40937}
	EndGlobalSection
	GlobalSection(ExtensibilityGlobals) = postSolution
		SolutionGuid = {4BB0D158-56BD-4D61-974C-06771A974BEF}
	EndGlobalSection
EndGlobal
