
Microsoft Visual Studio Solution File, Format Version 12.00
# Visual Studio Version 17
VisualStudioVersion = 17.3.32929.385
MinimumVisualStudioVersion = 10.0.40219.1
Project("{2150E333-8FDC-42A3-9474-1A3956D46DE8}") = "src", "src", "{2F97258F-E851-4EC2-B057-9E66F47C8357}"
EndProject
Project("{2150E333-8FDC-42A3-9474-1A3956D46DE8}") = "App", "App", "{41F8A48C-A2D3-46B4-9F9C-7FC1802283B7}"
EndProject
Project("{2150E333-8FDC-42A3-9474-1A3956D46DE8}") = "Domain", "Domain", "{E7E4E114-CF81-4488-906C-E194463612F5}"
EndProject
Project("{2150E333-8FDC-42A3-9474-1A3956D46DE8}") = "Application", "Application", "{18114CBD-0A4A-40D4-A602-002212159643}"
EndProject
Project("{FAE04EC0-301F-11D3-BF4B-00C04F79EFBC}") = "ESConWin-App", "src\ESConWin-App\ESConWin-App.csproj", "{9425352C-1B5C-4352-BD44-1E481A3A243C}"
EndProject
Project("{FAE04EC0-301F-11D3-BF4B-00C04F79EFBC}") = "ESCon-Application", "src\ESCon-Application\ESCon-Application.csproj", "{64B9CD00-7A1A-449D-B185-157D27F048D2}"
EndProject
Project("{FAE04EC0-301F-11D3-BF4B-00C04F79EFBC}") = "ESCon-Domain", "src\ESCon-Domain\ESCon-Domain.csproj", "{AE6FEBC0-8571-499C-B9FF-66467EC4D9AF}"
EndProject
Project("{2150E333-8FDC-42A3-9474-1A3956D46DE8}") = "CrossCuting", "CrossCuting", "{5FCA23AC-4608-459E-BC09-64B811830795}"
EndProject
Project("{FAE04EC0-301F-11D3-BF4B-00C04F79EFBC}") = "ESCon-CrossCutting", "src\ESCon-CrossCutting\ESCon-CrossCutting.csproj", "{28E3B094-2C7C-42FE-9BA3-61C122019F59}"
EndProject
Global
	GlobalSection(SolutionConfigurationPlatforms) = preSolution
		Debug|Any CPU = Debug|Any CPU
		Release|Any CPU = Release|Any CPU
	EndGlobalSection
	GlobalSection(ProjectConfigurationPlatforms) = postSolution
		{9425352C-1B5C-4352-BD44-1E481A3A243C}.Debug|Any CPU.ActiveCfg = Debug|Any CPU
		{9425352C-1B5C-4352-BD44-1E481A3A243C}.Debug|Any CPU.Build.0 = Debug|Any CPU
		{9425352C-1B5C-4352-BD44-1E481A3A243C}.Release|Any CPU.ActiveCfg = Release|Any CPU
		{9425352C-1B5C-4352-BD44-1E481A3A243C}.Release|Any CPU.Build.0 = Release|Any CPU
		{64B9CD00-7A1A-449D-B185-157D27F048D2}.Debug|Any CPU.ActiveCfg = Debug|Any CPU
		{64B9CD00-7A1A-449D-B185-157D27F048D2}.Debug|Any CPU.Build.0 = Debug|Any CPU
		{64B9CD00-7A1A-449D-B185-157D27F048D2}.Release|Any CPU.ActiveCfg = Release|Any CPU
		{64B9CD00-7A1A-449D-B185-157D27F048D2}.Release|Any CPU.Build.0 = Release|Any CPU
		{AE6FEBC0-8571-499C-B9FF-66467EC4D9AF}.Debug|Any CPU.ActiveCfg = Debug|Any CPU
		{AE6FEBC0-8571-499C-B9FF-66467EC4D9AF}.Debug|Any CPU.Build.0 = Debug|Any CPU
		{AE6FEBC0-8571-499C-B9FF-66467EC4D9AF}.Release|Any CPU.ActiveCfg = Release|Any CPU
		{AE6FEBC0-8571-499C-B9FF-66467EC4D9AF}.Release|Any CPU.Build.0 = Release|Any CPU
		{28E3B094-2C7C-42FE-9BA3-61C122019F59}.Debug|Any CPU.ActiveCfg = Debug|Any CPU
		{28E3B094-2C7C-42FE-9BA3-61C122019F59}.Debug|Any CPU.Build.0 = Debug|Any CPU
		{28E3B094-2C7C-42FE-9BA3-61C122019F59}.Release|Any CPU.ActiveCfg = Release|Any CPU
		{28E3B094-2C7C-42FE-9BA3-61C122019F59}.Release|Any CPU.Build.0 = Release|Any CPU
	EndGlobalSection
	GlobalSection(SolutionProperties) = preSolution
		HideSolutionNode = FALSE
	EndGlobalSection
	GlobalSection(NestedProjects) = preSolution
		{41F8A48C-A2D3-46B4-9F9C-7FC1802283B7} = {2F97258F-E851-4EC2-B057-9E66F47C8357}
		{E7E4E114-CF81-4488-906C-E194463612F5} = {2F97258F-E851-4EC2-B057-9E66F47C8357}
		{18114CBD-0A4A-40D4-A602-002212159643} = {2F97258F-E851-4EC2-B057-9E66F47C8357}
		{9425352C-1B5C-4352-BD44-1E481A3A243C} = {41F8A48C-A2D3-46B4-9F9C-7FC1802283B7}
		{64B9CD00-7A1A-449D-B185-157D27F048D2} = {18114CBD-0A4A-40D4-A602-002212159643}
		{AE6FEBC0-8571-499C-B9FF-66467EC4D9AF} = {E7E4E114-CF81-4488-906C-E194463612F5}
		{5FCA23AC-4608-459E-BC09-64B811830795} = {2F97258F-E851-4EC2-B057-9E66F47C8357}
		{28E3B094-2C7C-42FE-9BA3-61C122019F59} = {5FCA23AC-4608-459E-BC09-64B811830795}
	EndGlobalSection
	GlobalSection(ExtensibilityGlobals) = postSolution
		SolutionGuid = {880F0D39-5EE1-4C9A-BEE6-BE66983A45E6}
	EndGlobalSection
EndGlobal
